
Microsoft Visual Studio Solution File, Format Version 12.00
# Visual Studio Version 17
VisualStudioVersion = 17.5.33424.131
MinimumVisualStudioVersion = 10.0.40219.1
Project("{9A19103F-16F7-4668-BE54-9A1E7A4F7556}") = "FibonacciSequence", "FibonacciSequence.csproj", "{C1A667A6-4198-4C8E-A3A9-BDD15BE0DB5A}"
EndProject
Global
	GlobalSection(SolutionConfigurationPlatforms) = preSolution
		Debug|Any CPU = Debug|Any CPU
		Release|Any CPU = Release|Any CPU
	EndGlobalSection
	GlobalSection(ProjectConfigurationPlatforms) = postSolution
		{C1A667A6-4198-4C8E-A3A9-BDD15BE0DB5A}.Debug|Any CPU.ActiveCfg = Debug|Any CPU
		{C1A667A6-4198-4C8E-A3A9-BDD15BE0DB5A}.Debug|Any CPU.Build.0 = Debug|Any CPU
		{C1A667A6-4198-4C8E-A3A9-BDD15BE0DB5A}.Release|Any CPU.ActiveCfg = Release|Any CPU
		{C1A667A6-4198-4C8E-A3A9-BDD15BE0DB5A}.Release|Any CPU.Build.0 = Release|Any CPU
	EndGlobalSection
	GlobalSection(SolutionProperties) = preSolution
		HideSolutionNode = FALSE
	EndGlobalSection
	GlobalSection(ExtensibilityGlobals) = postSolution
		SolutionGuid = {E2237D5F-60E8-460B-96DA-FF2C27C03EAA}
	EndGlobalSection
EndGlobal
